{
  "requires": true,
  "lockfileVersion": 1,
  "dependencies": {
    "@types/lodash": {
      "version": "4.14.132",
      "resolved": "https://registry.npm.taobao.org/@types/lodash/download/@types/lodash-4.14.132.tgz",
      "integrity": "sha1-jORcqHRf8uAE+sDeCrRvYeOQ/6A="
    },
    "@types/screeps": {
      "version": "2.5.4",
      "resolved": "https://registry.npm.taobao.org/@types/screeps/download/@types/screeps-2.5.4.tgz",
      "integrity": "sha1-UaiAOC8P7vuPx0810pmNZknktTs="
    }
  }
}
